
Microsoft Visual Studio Solution File, Format Version 12.00
# Visual Studio 15
VisualStudioVersion = 15.0.28307.1082
MinimumVisualStudioVersion = 10.0.40219.1
Project("{9A19103F-16F7-4668-BE54-9A1E7A4F7556}") = "RestaurantWebApi", "RestaurantWebApi\RestaurantWebApi.csproj", "{76098D94-B0FC-4178-B940-F4C58A958C54}"
EndProject
Project("{9A19103F-16F7-4668-BE54-9A1E7A4F7556}") = "Repositories", "Repositories\Repositories.csproj", "{C0F249AB-E64C-4FB6-962E-4BFBB4E74958}"
EndProject
Project("{FAE04EC0-301F-11D3-BF4B-00C04F79EFBC}") = "ServiceBL", "ServiceBL\ServiceBL.csproj", "{83EA26DE-1294-4BC5-944B-5F5CE57E046A}"
EndProject
Global
	GlobalSection(SolutionConfigurationPlatforms) = preSolution
		Debug|Any CPU = Debug|Any CPU
		Release|Any CPU = Release|Any CPU
	EndGlobalSection
	GlobalSection(ProjectConfigurationPlatforms) = postSolution
		{76098D94-B0FC-4178-B940-F4C58A958C54}.Debug|Any CPU.ActiveCfg = Debug|Any CPU
		{76098D94-B0FC-4178-B940-F4C58A958C54}.Debug|Any CPU.Build.0 = Debug|Any CPU
		{76098D94-B0FC-4178-B940-F4C58A958C54}.Release|Any CPU.ActiveCfg = Release|Any CPU
		{76098D94-B0FC-4178-B940-F4C58A958C54}.Release|Any CPU.Build.0 = Release|Any CPU
		{C0F249AB-E64C-4FB6-962E-4BFBB4E74958}.Debug|Any CPU.ActiveCfg = Debug|Any CPU
		{C0F249AB-E64C-4FB6-962E-4BFBB4E74958}.Debug|Any CPU.Build.0 = Debug|Any CPU
		{C0F249AB-E64C-4FB6-962E-4BFBB4E74958}.Release|Any CPU.ActiveCfg = Release|Any CPU
		{C0F249AB-E64C-4FB6-962E-4BFBB4E74958}.Release|Any CPU.Build.0 = Release|Any CPU
		{83EA26DE-1294-4BC5-944B-5F5CE57E046A}.Debug|Any CPU.ActiveCfg = Debug|Any CPU
		{83EA26DE-1294-4BC5-944B-5F5CE57E046A}.Debug|Any CPU.Build.0 = Debug|Any CPU
		{83EA26DE-1294-4BC5-944B-5F5CE57E046A}.Release|Any CPU.ActiveCfg = Release|Any CPU
		{83EA26DE-1294-4BC5-944B-5F5CE57E046A}.Release|Any CPU.Build.0 = Release|Any CPU
	EndGlobalSection
	GlobalSection(SolutionProperties) = preSolution
		HideSolutionNode = FALSE
	EndGlobalSection
	GlobalSection(ExtensibilityGlobals) = postSolution
		SolutionGuid = {F73AC5D0-F720-4DD6-B3E7-9DF78A837CC7}
	EndGlobalSection
EndGlobal
